{
  "originHash" : "c36ffd41764fc134a87f975e3ca84df00ba641c5909b0baf10eacb6e8983d35f",
  "pins" : [
    {
      "identity" : "libghostty-spm",
      "kind" : "remoteSourceControl",
      "location" : "https://github.com/Lakr233/libghostty-spm",
      "state" : {
        "revision" : "df208c1b228da8f879317993680c7d6e39f5a69a",
        "version" : "1.5.0"
      }
    },
    {
      "identity" : "msdisplaylink",
      "kind" : "remoteSourceControl",
      "location" : "https://github.com/Lakr233/MSDisplayLink.git",
      "state" : {
        "revision" : "87eb0af130744c8cbe2e31b6e1a5bcd659f1c220",
        "version" : "2.2.0"
      }
    }
  ],
  "version" : 3
}
